<?xml version="1.0" encoding="utf-8"?>
<Project ToolsVersion="4.0" xmlns="http://schemas.microsoft.com/developer/msbuild/2003">
  <ItemGroup>
    <Filter Include="Source Files">
      <UniqueIdentifier>{4FC737F1-C7A5-4376-A066-2A32D752A2FF}</UniqueIdentifier>
      <Extensions>cpp;c;cc;cxx;def;odl;idl;hpj;bat;asm;asmx</Extensions>
    </Filter>
    <Filter Include="Header Files">
      <UniqueIdentifier>{93995380-89BD-4b04-88EB-625FBE52EBFB}</UniqueIdentifier>
      <Extensions>h;hh;hpp;hxx;hm;inl;inc;ipp;xsd</Extensions>
    </Filter>
    <Filter Include="Resource Files">
      <UniqueIdentifier>{67DA6AB6-F800-4c08-8B7A-83BB121AAD01}</UniqueIdentifier>
      <Extensions>rc;ico;cur;bmp;dlg;rc2;rct;bin;rgs;gif;jpg;jpeg;jpe;resx;tiff;tif;png;wav;mfcribbon-ms</Extensions>
    </Filter>
  </ItemGroup>
  <ItemGroup>
    <ClInclude Include="..\..\pointerphile\SlotMachine\Source\PPCoreLib\PPBasis.h">
      <Filter>Header Files</Filter>
    </ClInclude>
    <ClInclude Include="..\..\pointerphile\SlotMachine\Source\PPCoreLib\PPCore.h">
      <Filter>Header Files</Filter>
    </ClInclude>
    <ClInclude Include="..\..\pointerphile\SlotMachine\Source\PPCoreLib\PPD3DObject.h">
      <Filter>Header Files</Filter>
    </ClInclude>
    <ClInclude Include="..\..\pointerphile\SlotMachine\Source\PPCoreLib\PPDevice.h">
      <Filter>Header Files</Filter>
    </ClInclude>
    <ClInclude Include="..\..\pointerphile\SlotMachine\Source\PPCoreLib\PPDirectWrite.h">
      <Filter>Header Files</Filter>
    </ClInclude>
    <ClInclude Include="..\..\pointerphile\SlotMachine\Source\PPCoreLib\PPInput.h">
      <Filter>Header Files</Filter>
    </ClInclude>
    <ClInclude Include="..\..\pointerphile\SlotMachine\Source\PPCoreLib\PPSingletone.h">
      <Filter>Header Files</Filter>
    </ClInclude>
    <ClInclude Include="..\..\pointerphile\SlotMachine\Source\PPCoreLib\PPSound.h">
      <Filter>Header Files</Filter>
    </ClInclude>
    <ClInclude Include="..\..\pointerphile\SlotMachine\Source\PPCoreLib\PPTimer.h">
      <Filter>Header Files</Filter>
    </ClInclude>
    <ClInclude Include="..\..\pointerphile\SlotMachine\Source\PPCoreLib\PPWindow.h">
      <Filter>Header Files</Filter>
    </ClInclude>
  </ItemGroup>
  <ItemGroup>
    <ClCompile Include="..\..\pointerphile\SlotMachine\Source\PPCoreLib\PPBasis.cpp">
      <Filter>Source Files</Filter>
    </ClCompile>
    <ClCompile Include="..\..\pointerphile\SlotMachine\Source\PPCoreLib\PPCore.cpp">
      <Filter>Source Files</Filter>
    </ClCompile>
    <ClCompile Include="..\..\pointerphile\SlotMachine\Source\PPCoreLib\PPD3DObject.cpp">
      <Filter>Source Files</Filter>
    </ClCompile>
    <ClCompile Include="..\..\pointerphile\SlotMachine\Source\PPCoreLib\PPDevice.cpp">
      <Filter>Source Files</Filter>
    </ClCompile>
    <ClCompile Include="..\..\pointerphile\SlotMachine\Source\PPCoreLib\PPDirectWrite.cpp">
      <Filter>Source Files</Filter>
    </ClCompile>
    <ClCompile Include="..\..\pointerphile\SlotMachine\Source\PPCoreLib\PPInput.cpp">
      <Filter>Source Files</Filter>
    </ClCompile>
    <ClCompile Include="..\..\pointerphile\SlotMachine\Source\PPCoreLib\PPSound.cpp">
      <Filter>Source Files</Filter>
    </ClCompile>
    <ClCompile Include="..\..\pointerphile\SlotMachine\Source\PPCoreLib\PPTimer.cpp">
      <Filter>Source Files</Filter>
    </ClCompile>
    <ClCompile Include="..\..\pointerphile\SlotMachine\Source\PPCoreLib\PPWindow.cpp">
      <Filter>Source Files</Filter>
    </ClCompile>
  </ItemGroup>
</Project>